
Microsoft Visual Studio Solution File, Format Version 12.00
# Visual Studio Version 17
VisualStudioVersion = 17.9.34728.123
MinimumVisualStudioVersion = 10.0.40219.1
Project("{FAE04EC0-301F-11D3-BF4B-00C04F79EFBC}") = "Kalkulator", "Kalkulator\Kalkulator.csproj", "{BCC18DD2-B764-47AD-82D7-5D190CAAAA3A}"
EndProject
Global
	GlobalSection(SolutionConfigurationPlatforms) = preSolution
		Debug|Any CPU = Debug|Any CPU
		Release|Any CPU = Release|Any CPU
	EndGlobalSection
	GlobalSection(ProjectConfigurationPlatforms) = postSolution
		{BCC18DD2-B764-47AD-82D7-5D190CAAAA3A}.Debug|Any CPU.ActiveCfg = Debug|Any CPU
		{BCC18DD2-B764-47AD-82D7-5D190CAAAA3A}.Debug|Any CPU.Build.0 = Debug|Any CPU
		{BCC18DD2-B764-47AD-82D7-5D190CAAAA3A}.Release|Any CPU.ActiveCfg = Release|Any CPU
		{BCC18DD2-B764-47AD-82D7-5D190CAAAA3A}.Release|Any CPU.Build.0 = Release|Any CPU
	EndGlobalSection
	GlobalSection(SolutionProperties) = preSolution
		HideSolutionNode = FALSE
	EndGlobalSection
	GlobalSection(ExtensibilityGlobals) = postSolution
		SolutionGuid = {5742D051-A0EA-4AF8-8BEF-AB0F2419A318}
	EndGlobalSection
EndGlobal
